
Microsoft Visual Studio Solution File, Format Version 12.00
Project("{FAE04EC0-301F-11D3-BF4B-00C04F79EFBC}") = "test.playwright.framework", "test.playwright.framework\test.playwright.framework.csproj", "{5EDFD2DB-4658-4B5D-A301-2A5290D86201}"
EndProject
Global
	GlobalSection(SolutionConfigurationPlatforms) = preSolution
		Debug|Any CPU = Debug|Any CPU
		Release|Any CPU = Release|Any CPU
	EndGlobalSection
	GlobalSection(ProjectConfigurationPlatforms) = postSolution
		{5EDFD2DB-4658-4B5D-A301-2A5290D86201}.Debug|Any CPU.ActiveCfg = Debug|Any CPU
		{5EDFD2DB-4658-4B5D-A301-2A5290D86201}.Debug|Any CPU.Build.0 = Debug|Any CPU
		{5EDFD2DB-4658-4B5D-A301-2A5290D86201}.Release|Any CPU.ActiveCfg = Release|Any CPU
		{5EDFD2DB-4658-4B5D-A301-2A5290D86201}.Release|Any CPU.Build.0 = Release|Any CPU
	EndGlobalSection
EndGlobal
